
Microsoft Visual Studio Solution File, Format Version 12.00
# Visual Studio Version 16
VisualStudioVersion = 16.0.31205.134
MinimumVisualStudioVersion = 10.0.40219.1
Project("{9A19103F-16F7-4668-BE54-9A1E7A4F7556}") = "Practies_Test2", "Practies_Test2\Practies_Test2.csproj", "{6A8DEBE2-B92F-4BEC-A79F-C243A4F3F6FC}"
EndProject
Project("{9A19103F-16F7-4668-BE54-9A1E7A4F7556}") = "Practies.DataLayer", "Practies.DataLayer\Practies.DataLayer.csproj", "{A5F3107E-FD7C-4135-9CE7-77EB8C4A9BF8}"
EndProject
Project("{9A19103F-16F7-4668-BE54-9A1E7A4F7556}") = "Practies.Core", "Practies.Core\Practies.Core.csproj", "{5DAEC83E-1BD4-4691-B19E-39A450B02FA7}"
EndProject
Global
	GlobalSection(SolutionConfigurationPlatforms) = preSolution
		Debug|Any CPU = Debug|Any CPU
		Release|Any CPU = Release|Any CPU
	EndGlobalSection
	GlobalSection(ProjectConfigurationPlatforms) = postSolution
		{6A8DEBE2-B92F-4BEC-A79F-C243A4F3F6FC}.Debug|Any CPU.ActiveCfg = Debug|Any CPU
		{6A8DEBE2-B92F-4BEC-A79F-C243A4F3F6FC}.Debug|Any CPU.Build.0 = Debug|Any CPU
		{6A8DEBE2-B92F-4BEC-A79F-C243A4F3F6FC}.Release|Any CPU.ActiveCfg = Release|Any CPU
		{6A8DEBE2-B92F-4BEC-A79F-C243A4F3F6FC}.Release|Any CPU.Build.0 = Release|Any CPU
		{A5F3107E-FD7C-4135-9CE7-77EB8C4A9BF8}.Debug|Any CPU.ActiveCfg = Debug|Any CPU
		{A5F3107E-FD7C-4135-9CE7-77EB8C4A9BF8}.Debug|Any CPU.Build.0 = Debug|Any CPU
		{A5F3107E-FD7C-4135-9CE7-77EB8C4A9BF8}.Release|Any CPU.ActiveCfg = Release|Any CPU
		{A5F3107E-FD7C-4135-9CE7-77EB8C4A9BF8}.Release|Any CPU.Build.0 = Release|Any CPU
		{5DAEC83E-1BD4-4691-B19E-39A450B02FA7}.Debug|Any CPU.ActiveCfg = Debug|Any CPU
		{5DAEC83E-1BD4-4691-B19E-39A450B02FA7}.Debug|Any CPU.Build.0 = Debug|Any CPU
		{5DAEC83E-1BD4-4691-B19E-39A450B02FA7}.Release|Any CPU.ActiveCfg = Release|Any CPU
		{5DAEC83E-1BD4-4691-B19E-39A450B02FA7}.Release|Any CPU.Build.0 = Release|Any CPU
	EndGlobalSection
	GlobalSection(SolutionProperties) = preSolution
		HideSolutionNode = FALSE
	EndGlobalSection
	GlobalSection(ExtensibilityGlobals) = postSolution
		SolutionGuid = {185E0D7B-88D8-4DA9-BE4B-FF0F84097968}
	EndGlobalSection
EndGlobal
